
Microsoft Visual Studio Solution File, Format Version 12.00
# Visual Studio Version 17
VisualStudioVersion = 17.14.36212.18 d17.14
MinimumVisualStudioVersion = 10.0.40219.1
Project("{FAE04EC0-301F-11D3-BF4B-00C04F79EFBC}") = "SingletonPatternExample", "SingletonPatternExample.csproj", "{DA2377E1-5B79-49A3-A557-7E21291C2C21}"
EndProject
Global
	GlobalSection(SolutionConfigurationPlatforms) = preSolution
		Debug|Any CPU = Debug|Any CPU
		Release|Any CPU = Release|Any CPU
	EndGlobalSection
	GlobalSection(ProjectConfigurationPlatforms) = postSolution
		{DA2377E1-5B79-49A3-A557-7E21291C2C21}.Debug|Any CPU.ActiveCfg = Debug|Any CPU
		{DA2377E1-5B79-49A3-A557-7E21291C2C21}.Debug|Any CPU.Build.0 = Debug|Any CPU
		{DA2377E1-5B79-49A3-A557-7E21291C2C21}.Release|Any CPU.ActiveCfg = Release|Any CPU
		{DA2377E1-5B79-49A3-A557-7E21291C2C21}.Release|Any CPU.Build.0 = Release|Any CPU
	EndGlobalSection
	GlobalSection(SolutionProperties) = preSolution
		HideSolutionNode = FALSE
	EndGlobalSection
	GlobalSection(ExtensibilityGlobals) = postSolution
		SolutionGuid = {711874CB-32DE-42F6-A237-CBEFED1CBF39}
	EndGlobalSection
EndGlobal
